
Microsoft Visual Studio Solution File, Format Version 12.00
# Visual Studio 15
VisualStudioVersion = 15.0.26403.7
MinimumVisualStudioVersion = 10.0.40219.1
Project("{FAE04EC0-301F-11D3-BF4B-00C04F79EFBC}") = "ACADTRANSFORMER", "ACADTRANSFORMER.csproj", "{4F01BDA1-E8B0-4ABE-932E-2DDB776F19DD}"
EndProject
Project("{FAE04EC0-301F-11D3-BF4B-00C04F79EFBC}") = "TEST", "..\TEST\TEST.csproj", "{42F92953-65DA-4C71-902B-C634AEFA78F3}"
EndProject
Project("{FAE04EC0-301F-11D3-BF4B-00C04F79EFBC}") = "AutoPlot", "..\AutoPlot\AutoPlot\AutoPlot.csproj", "{0CD89AFF-2637-479C-9F5F-6126BDBF336A}"
EndProject
Project("{FAE04EC0-301F-11D3-BF4B-00C04F79EFBC}") = "ACADLIBRARY", "ACADLIBRARY\ACADLIBRARY.csproj", "{BEBB5117-69FA-4689-AA7E-9D9DBF8ECA45}"
EndProject
Project("{FAE04EC0-301F-11D3-BF4B-00C04F79EFBC}") = "VESODOTRAI", "..\VESODOTRAI\VESODOTRAI\VESODOTRAI\VESODOTRAI.csproj", "{98A0BEFF-286A-4955-842B-11A521E91BD7}"
EndProject
Project("{FAE04EC0-301F-11D3-BF4B-00C04F79EFBC}") = "QLBIENDONG", "..\..\QLBIENDONG\QLBIENDONG\QLBIENDONG\QLBIENDONG.csproj", "{F3DD7A19-6D2D-43F9-B333-FACAAC79A575}"
EndProject
Project("{FAE04EC0-301F-11D3-BF4B-00C04F79EFBC}") = "AUTODRAW", "..\..\INVENTOR\AUTODRAW\AUTODRAW\AUTODRAW.csproj", "{00BE520F-F272-4A4F-952C-0076A9CEA0E5}"
EndProject
Global
	GlobalSection(SolutionConfigurationPlatforms) = preSolution
		Debug|Any CPU = Debug|Any CPU
		Release|Any CPU = Release|Any CPU
	EndGlobalSection
	GlobalSection(ProjectConfigurationPlatforms) = postSolution
		{4F01BDA1-E8B0-4ABE-932E-2DDB776F19DD}.Debug|Any CPU.ActiveCfg = Debug|Any CPU
		{4F01BDA1-E8B0-4ABE-932E-2DDB776F19DD}.Debug|Any CPU.Build.0 = Debug|Any CPU
		{4F01BDA1-E8B0-4ABE-932E-2DDB776F19DD}.Release|Any CPU.ActiveCfg = Release|Any CPU
		{4F01BDA1-E8B0-4ABE-932E-2DDB776F19DD}.Release|Any CPU.Build.0 = Release|Any CPU
		{42F92953-65DA-4C71-902B-C634AEFA78F3}.Debug|Any CPU.ActiveCfg = Debug|Any CPU
		{42F92953-65DA-4C71-902B-C634AEFA78F3}.Debug|Any CPU.Build.0 = Debug|Any CPU
		{42F92953-65DA-4C71-902B-C634AEFA78F3}.Release|Any CPU.ActiveCfg = Release|Any CPU
		{42F92953-65DA-4C71-902B-C634AEFA78F3}.Release|Any CPU.Build.0 = Release|Any CPU
		{0CD89AFF-2637-479C-9F5F-6126BDBF336A}.Debug|Any CPU.ActiveCfg = Debug|Any CPU
		{0CD89AFF-2637-479C-9F5F-6126BDBF336A}.Debug|Any CPU.Build.0 = Debug|Any CPU
		{0CD89AFF-2637-479C-9F5F-6126BDBF336A}.Release|Any CPU.ActiveCfg = Release|Any CPU
		{0CD89AFF-2637-479C-9F5F-6126BDBF336A}.Release|Any CPU.Build.0 = Release|Any CPU
		{BEBB5117-69FA-4689-AA7E-9D9DBF8ECA45}.Debug|Any CPU.ActiveCfg = Debug|Any CPU
		{BEBB5117-69FA-4689-AA7E-9D9DBF8ECA45}.Debug|Any CPU.Build.0 = Debug|Any CPU
		{BEBB5117-69FA-4689-AA7E-9D9DBF8ECA45}.Release|Any CPU.ActiveCfg = Release|Any CPU
		{BEBB5117-69FA-4689-AA7E-9D9DBF8ECA45}.Release|Any CPU.Build.0 = Release|Any CPU
		{98A0BEFF-286A-4955-842B-11A521E91BD7}.Debug|Any CPU.ActiveCfg = Debug|Any CPU
		{98A0BEFF-286A-4955-842B-11A521E91BD7}.Debug|Any CPU.Build.0 = Debug|Any CPU
		{98A0BEFF-286A-4955-842B-11A521E91BD7}.Release|Any CPU.ActiveCfg = Release|Any CPU
		{98A0BEFF-286A-4955-842B-11A521E91BD7}.Release|Any CPU.Build.0 = Release|Any CPU
		{F3DD7A19-6D2D-43F9-B333-FACAAC79A575}.Debug|Any CPU.ActiveCfg = Debug|Any CPU
		{F3DD7A19-6D2D-43F9-B333-FACAAC79A575}.Debug|Any CPU.Build.0 = Debug|Any CPU
		{F3DD7A19-6D2D-43F9-B333-FACAAC79A575}.Release|Any CPU.ActiveCfg = Release|Any CPU
		{F3DD7A19-6D2D-43F9-B333-FACAAC79A575}.Release|Any CPU.Build.0 = Release|Any CPU
		{00BE520F-F272-4A4F-952C-0076A9CEA0E5}.Debug|Any CPU.ActiveCfg = Debug|Any CPU
		{00BE520F-F272-4A4F-952C-0076A9CEA0E5}.Debug|Any CPU.Build.0 = Debug|Any CPU
		{00BE520F-F272-4A4F-952C-0076A9CEA0E5}.Release|Any CPU.ActiveCfg = Release|Any CPU
		{00BE520F-F272-4A4F-952C-0076A9CEA0E5}.Release|Any CPU.Build.0 = Release|Any CPU
	EndGlobalSection
	GlobalSection(SolutionProperties) = preSolution
		HideSolutionNode = FALSE
	EndGlobalSection
	GlobalSection(ExtensibilityGlobals) = postSolution
		SolutionGuid = {4A6430F1-48B9-4FBC-99FB-74806E3DD81A}
	EndGlobalSection
EndGlobal
